
Microsoft Visual Studio Solution File, Format Version 12.00
# Visual Studio Version 17
VisualStudioVersion = 17.10.34928.147
MinimumVisualStudioVersion = 10.0.40219.1
Project("{FAE04EC0-301F-11D3-BF4B-00C04F79EFBC}") = "Condominios", "Condominios\Condominios.csproj", "{C0D3A7C9-4858-4299-894D-145C4526F38F}"
EndProject
Global
	GlobalSection(SolutionConfigurationPlatforms) = preSolution
		Debug|Any CPU = Debug|Any CPU
		Release|Any CPU = Release|Any CPU
	EndGlobalSection
	GlobalSection(ProjectConfigurationPlatforms) = postSolution
		{C0D3A7C9-4858-4299-894D-145C4526F38F}.Debug|Any CPU.ActiveCfg = Debug|Any CPU
		{C0D3A7C9-4858-4299-894D-145C4526F38F}.Debug|Any CPU.Build.0 = Debug|Any CPU
		{C0D3A7C9-4858-4299-894D-145C4526F38F}.Release|Any CPU.ActiveCfg = Release|Any CPU
		{C0D3A7C9-4858-4299-894D-145C4526F38F}.Release|Any CPU.Build.0 = Release|Any CPU
	EndGlobalSection
	GlobalSection(SolutionProperties) = preSolution
		HideSolutionNode = FALSE
	EndGlobalSection
	GlobalSection(ExtensibilityGlobals) = postSolution
		SolutionGuid = {C4BE960D-9CAB-4C87-AA82-00AF1101F2FC}
	EndGlobalSection
EndGlobal
